
Microsoft Visual Studio Solution File, Format Version 12.00
# Visual Studio Version 16
VisualStudioVersion = 16.0.29806.167
MinimumVisualStudioVersion = 10.0.40219.1
Project("{FAE04EC0-301F-11D3-BF4B-00C04F79EFBC}") = "ByteBank", "ByteBank\ByteBank.csproj", "{9A465D5A-D6EA-408A-8821-7288F98A695A}"
EndProject
Global
	GlobalSection(SolutionConfigurationPlatforms) = preSolution
		Debug|Any CPU = Debug|Any CPU
		Release|Any CPU = Release|Any CPU
	EndGlobalSection
	GlobalSection(ProjectConfigurationPlatforms) = postSolution
		{9A465D5A-D6EA-408A-8821-7288F98A695A}.Debug|Any CPU.ActiveCfg = Debug|Any CPU
		{9A465D5A-D6EA-408A-8821-7288F98A695A}.Debug|Any CPU.Build.0 = Debug|Any CPU
		{9A465D5A-D6EA-408A-8821-7288F98A695A}.Release|Any CPU.ActiveCfg = Release|Any CPU
		{9A465D5A-D6EA-408A-8821-7288F98A695A}.Release|Any CPU.Build.0 = Release|Any CPU
	EndGlobalSection
	GlobalSection(SolutionProperties) = preSolution
		HideSolutionNode = FALSE
	EndGlobalSection
	GlobalSection(ExtensibilityGlobals) = postSolution
		SolutionGuid = {7647DD16-2031-4CA2-B15A-89D28C0B3694}
	EndGlobalSection
EndGlobal
